// !$*UTF8*$!
{
	archiveVersion = 1;
	classes = {
	};
	objectVersion = 56;
	objects = {

/* Begin PBXBuildFile section */
		C4A09A662B2F08D400AEB442 /* StoreAppApp.swift in Sources */ = {isa = PBXBuildFile; fileRef = C4A09A652B2F08D400AEB442 /* StoreAppApp.swift */; };
		C4A09A6A2B2F08D500AEB442 /* Assets.xcassets in Resources */ = {isa = PBXBuildFile; fileRef = C4A09A692B2F08D500AEB442 /* Assets.xcassets */; };
		C4A09A6D2B2F08D500AEB442 /* Preview Assets.xcassets in Resources */ = {isa = PBXBuildFile; fileRef = C4A09A6C2B2F08D500AEB442 /* Preview Assets.xcassets */; };
		C4A09A762B2F0A7200AEB442 /* MainView.swift in Sources */ = {isa = PBXBuildFile; fileRef = C4A09A752B2F0A7200AEB442 /* MainView.swift */; };
		C4A09A7C2B2F0BF800AEB442 /* CategoriesView.swift in Sources */ = {isa = PBXBuildFile; fileRef = C4A09A7B2B2F0BF800AEB442 /* CategoriesView.swift */; };
		C4A09A7E2B2F0C0F00AEB442 /* ProductsView.swift in Sources */ = {isa = PBXBuildFile; fileRef = C4A09A7D2B2F0C0F00AEB442 /* ProductsView.swift */; };
		C4A09A802B2F0C1E00AEB442 /* ProductDetailView.swift in Sources */ = {isa = PBXBuildFile; fileRef = C4A09A7F2B2F0C1E00AEB442 /* ProductDetailView.swift */; };
		C4A09A842B2F693600AEB442 /* ProductsModel.swift in Sources */ = {isa = PBXBuildFile; fileRef = C4A09A832B2F693600AEB442 /* ProductsModel.swift */; };
		C4A09A862B2F6AC700AEB442 /* MainViewModel.swift in Sources */ = {isa = PBXBuildFile; fileRef = C4A09A852B2F6AC700AEB442 /* MainViewModel.swift */; };
		C4A09A892B2F6BD300AEB442 /* NetworkingPackageGeneric in Frameworks */ = {isa = PBXBuildFile; productRef = C4A09A882B2F6BD300AEB442 /* NetworkingPackageGeneric */; };
		C4A09A8C2B2F82FE00AEB442 /* ProductCardComponentView.swift in Sources */ = {isa = PBXBuildFile; fileRef = C4A09A8B2B2F82FE00AEB442 /* ProductCardComponentView.swift */; };
		C4ABA7372B30BFEC00BF9711 /* CategoriesModel.swift in Sources */ = {isa = PBXBuildFile; fileRef = C4ABA7362B30BFEC00BF9711 /* CategoriesModel.swift */; };
		C4ABA7392B30C43000BF9711 /* CategoryCardComponentView.swift in Sources */ = {isa = PBXBuildFile; fileRef = C4ABA7382B30C43000BF9711 /* CategoryCardComponentView.swift */; };
		C4E42AAD2B315532008D3B46 /* LoaderComponentView.swift in Sources */ = {isa = PBXBuildFile; fileRef = C4E42AAC2B315532008D3B46 /* LoaderComponentView.swift */; };
		C4E42AAF2B3155A1008D3B46 /* AlertCheckoutComponentView.swift in Sources */ = {isa = PBXBuildFile; fileRef = C4E42AAE2B3155A1008D3B46 /* AlertCheckoutComponentView.swift */; };
		C4E42AB12B315691008D3B46 /* TopBarComponentView.swift in Sources */ = {isa = PBXBuildFile; fileRef = C4E42AB02B315691008D3B46 /* TopBarComponentView.swift */; };
/* End PBXBuildFile section */

/* Begin PBXFileReference section */
		C4A09A622B2F08D400AEB442 /* StoreApp.app */ = {isa = PBXFileReference; explicitFileType = wrapper.application; includeInIndex = 0; path = StoreApp.app; sourceTree = BUILT_PRODUCTS_DIR; };
		C4A09A652B2F08D400AEB442 /* StoreAppApp.swift */ = {isa = PBXFileReference; lastKnownFileType = sourcecode.swift; path = StoreAppApp.swift; sourceTree = "<group>"; };
		C4A09A692B2F08D500AEB442 /* Assets.xcassets */ = {isa = PBXFileReference; lastKnownFileType = folder.assetcatalog; path = Assets.xcassets; sourceTree = "<group>"; };
		C4A09A6C2B2F08D500AEB442 /* Preview Assets.xcassets */ = {isa = PBXFileReference; lastKnownFileType = folder.assetcatalog; path = "Preview Assets.xcassets"; sourceTree = "<group>"; };
		C4A09A752B2F0A7200AEB442 /* MainView.swift */ = {isa = PBXFileReference; lastKnownFileType = sourcecode.swift; path = MainView.swift; sourceTree = "<group>"; };
		C4A09A7B2B2F0BF800AEB442 /* CategoriesView.swift */ = {isa = PBXFileReference; lastKnownFileType = sourcecode.swift; path = CategoriesView.swift; sourceTree = "<group>"; };
		C4A09A7D2B2F0C0F00AEB442 /* ProductsView.swift */ = {isa = PBXFileReference; lastKnownFileType = sourcecode.swift; path = ProductsView.swift; sourceTree = "<group>"; };
		C4A09A7F2B2F0C1E00AEB442 /* ProductDetailView.swift */ = {isa = PBXFileReference; lastKnownFileType = sourcecode.swift; path = ProductDetailView.swift; sourceTree = "<group>"; };
		C4A09A832B2F693600AEB442 /* ProductsModel.swift */ = {isa = PBXFileReference; lastKnownFileType = sourcecode.swift; path = ProductsModel.swift; sourceTree = "<group>"; };
		C4A09A852B2F6AC700AEB442 /* MainViewModel.swift */ = {isa = PBXFileReference; lastKnownFileType = sourcecode.swift; path = MainViewModel.swift; sourceTree = "<group>"; };
		C4A09A8B2B2F82FE00AEB442 /* ProductCardComponentView.swift */ = {isa = PBXFileReference; lastKnownFileType = sourcecode.swift; path = ProductCardComponentView.swift; sourceTree = "<group>"; };
		C4ABA7362B30BFEC00BF9711 /* CategoriesModel.swift */ = {isa = PBXFileReference; lastKnownFileType = sourcecode.swift; path = CategoriesModel.swift; sourceTree = "<group>"; };
		C4ABA7382B30C43000BF9711 /* CategoryCardComponentView.swift */ = {isa = PBXFileReference; lastKnownFileType = sourcecode.swift; path = CategoryCardComponentView.swift; sourceTree = "<group>"; };
		C4E42AAC2B315532008D3B46 /* LoaderComponentView.swift */ = {isa = PBXFileReference; lastKnownFileType = sourcecode.swift; path = LoaderComponentView.swift; sourceTree = "<group>"; };
		C4E42AAE2B3155A1008D3B46 /* AlertCheckoutComponentView.swift */ = {isa = PBXFileReference; lastKnownFileType = sourcecode.swift; path = AlertCheckoutComponentView.swift; sourceTree = "<group>"; };
		C4E42AB02B315691008D3B46 /* TopBarComponentView.swift */ = {isa = PBXFileReference; lastKnownFileType = sourcecode.swift; path = TopBarComponentView.swift; sourceTree = "<group>"; };
/* End PBXFileReference section */

/* Begin PBXFrameworksBuildPhase section */
		C4A09A5F2B2F08D400AEB442 /* Frameworks */ = {
			isa = PBXFrameworksBuildPhase;
			buildActionMask = 2147483647;
			files = (
				C4A09A892B2F6BD300AEB442 /* NetworkingPackageGeneric in Frameworks */,
			);
			runOnlyForDeploymentPostprocessing = 0;
		};
/* End PBXFrameworksBuildPhase section */

/* Begin PBXGroup section */
		C4A09A592B2F08D400AEB442 = {
			isa = PBXGroup;
			children = (
				C4A09A642B2F08D400AEB442 /* StoreApp */,
				C4A09A632B2F08D400AEB442 /* Products */,
			);
			sourceTree = "<group>";
		};
		C4A09A632B2F08D400AEB442 /* Products */ = {
			isa = PBXGroup;
			children = (
				C4A09A622B2F08D400AEB442 /* StoreApp.app */,
			);
			name = Products;
			sourceTree = "<group>";
		};
		C4A09A642B2F08D400AEB442 /* StoreApp */ = {
			isa = PBXGroup;
			children = (
				C4A09A732B2F0A4000AEB442 /* App */,
				C4A09A812B2F690800AEB442 /* Models */,
				C4A09A742B2F0A5500AEB442 /* Scenes */,
				C4A09A8A2B2F82CF00AEB442 /* Components */,
				C4A09A692B2F08D500AEB442 /* Assets.xcassets */,
				C4A09A6B2B2F08D500AEB442 /* Preview Content */,
			);
			path = StoreApp;
			sourceTree = "<group>";
		};
		C4A09A6B2B2F08D500AEB442 /* Preview Content */ = {
			isa = PBXGroup;
			children = (
				C4A09A6C2B2F08D500AEB442 /* Preview Assets.xcassets */,
			);
			path = "Preview Content";
			sourceTree = "<group>";
		};
		C4A09A732B2F0A4000AEB442 /* App */ = {
			isa = PBXGroup;
			children = (
				C4A09A652B2F08D400AEB442 /* StoreAppApp.swift */,
			);
			path = App;
			sourceTree = "<group>";
		};
		C4A09A742B2F0A5500AEB442 /* Scenes */ = {
			isa = PBXGroup;
			children = (
				C4A09A772B2F0AA300AEB442 /* MainView */,
				C4A09A782B2F0BA000AEB442 /* CategoriesView */,
				C4A09A792B2F0BB100AEB442 /* ProductsView */,
				C4A09A7A2B2F0BC400AEB442 /* ProductDetailView */,
			);
			path = Scenes;
			sourceTree = "<group>";
		};
		C4A09A772B2F0AA300AEB442 /* MainView */ = {
			isa = PBXGroup;
			children = (
				C4A09A752B2F0A7200AEB442 /* MainView.swift */,
				C4A09A852B2F6AC700AEB442 /* MainViewModel.swift */,
			);
			path = MainView;
			sourceTree = "<group>";
		};
		C4A09A782B2F0BA000AEB442 /* CategoriesView */ = {
			isa = PBXGroup;
			children = (
				C4A09A7B2B2F0BF800AEB442 /* CategoriesView.swift */,
			);
			path = CategoriesView;
			sourceTree = "<group>";
		};
		C4A09A792B2F0BB100AEB442 /* ProductsView */ = {
			isa = PBXGroup;
			children = (
				C4A09A7D2B2F0C0F00AEB442 /* ProductsView.swift */,
			);
			path = ProductsView;
			sourceTree = "<group>";
		};
		C4A09A7A2B2F0BC400AEB442 /* ProductDetailView */ = {
			isa = PBXGroup;
			children = (
				C4A09A7F2B2F0C1E00AEB442 /* ProductDetailView.swift */,
			);
			path = ProductDetailView;
			sourceTree = "<group>";
		};
		C4A09A812B2F690800AEB442 /* Models */ = {
			isa = PBXGroup;
			children = (
				C4ABA7352B30BFBB00BF9711 /* CategoriesModel */,
				C4A09A822B2F691200AEB442 /* ProductsModel */,
			);
			path = Models;
			sourceTree = "<group>";
		};
		C4A09A822B2F691200AEB442 /* ProductsModel */ = {
			isa = PBXGroup;
			children = (
				C4A09A832B2F693600AEB442 /* ProductsModel.swift */,
			);
			path = ProductsModel;
			sourceTree = "<group>";
		};
		C4A09A8A2B2F82CF00AEB442 /* Components */ = {
			isa = PBXGroup;
			children = (
				C4A09A8B2B2F82FE00AEB442 /* ProductCardComponentView.swift */,
				C4ABA7382B30C43000BF9711 /* CategoryCardComponentView.swift */,
				C4E42AAC2B315532008D3B46 /* LoaderComponentView.swift */,
				C4E42AAE2B3155A1008D3B46 /* AlertCheckoutComponentView.swift */,
				C4E42AB02B315691008D3B46 /* TopBarComponentView.swift */,
			);
			path = Components;
			sourceTree = "<group>";
		};
		C4ABA7352B30BFBB00BF9711 /* CategoriesModel */ = {
			isa = PBXGroup;
			children = (
				C4ABA7362B30BFEC00BF9711 /* CategoriesModel.swift */,
			);
			path = CategoriesModel;
			sourceTree = "<group>";
		};
/* End PBXGroup section */

/* Begin PBXNativeTarget section */
		C4A09A612B2F08D400AEB442 /* StoreApp */ = {
			isa = PBXNativeTarget;
			buildConfigurationList = C4A09A702B2F08D500AEB442 /* Build configuration list for PBXNativeTarget "StoreApp" */;
			buildPhases = (
				C4A09A5E2B2F08D400AEB442 /* Sources */,
				C4A09A5F2B2F08D400AEB442 /* Frameworks */,
				C4A09A602B2F08D400AEB442 /* Resources */,
			);
			buildRules = (
			);
			dependencies = (
			);
			name = StoreApp;
			packageProductDependencies = (
				C4A09A882B2F6BD300AEB442 /* NetworkingPackageGeneric */,
			);
			productName = StoreApp;
			productReference = C4A09A622B2F08D400AEB442 /* StoreApp.app */;
			productType = "com.apple.product-type.application";
		};
/* End PBXNativeTarget section */

/* Begin PBXProject section */
		C4A09A5A2B2F08D400AEB442 /* Project object */ = {
			isa = PBXProject;
			attributes = {
				BuildIndependentTargetsInParallel = 1;
				LastSwiftUpdateCheck = 1500;
				LastUpgradeCheck = 1500;
				TargetAttributes = {
					C4A09A612B2F08D400AEB442 = {
						CreatedOnToolsVersion = 15.0;
					};
				};
			};
			buildConfigurationList = C4A09A5D2B2F08D400AEB442 /* Build configuration list for PBXProject "StoreApp" */;
			compatibilityVersion = "Xcode 14.0";
			developmentRegion = en;
			hasScannedForEncodings = 0;
			knownRegions = (
				en,
				Base,
			);
			mainGroup = C4A09A592B2F08D400AEB442;
			packageReferences = (
				C4A09A872B2F6BD300AEB442 /* XCRemoteSwiftPackageReference "networking-package-generic" */,
			);
			productRefGroup = C4A09A632B2F08D400AEB442 /* Products */;
			projectDirPath = "";
			projectRoot = "";
			targets = (
				C4A09A612B2F08D400AEB442 /* StoreApp */,
			);
		};
/* End PBXProject section */

/* Begin PBXResourcesBuildPhase section */
		C4A09A602B2F08D400AEB442 /* Resources */ = {
			isa = PBXResourcesBuildPhase;
			buildActionMask = 2147483647;
			files = (
				C4A09A6D2B2F08D500AEB442 /* Preview Assets.xcassets in Resources */,
				C4A09A6A2B2F08D500AEB442 /* Assets.xcassets in Resources */,
			);
			runOnlyForDeploymentPostprocessing = 0;
		};
/* End PBXResourcesBuildPhase section */

/* Begin PBXSourcesBuildPhase section */
		C4A09A5E2B2F08D400AEB442 /* Sources */ = {
			isa = PBXSourcesBuildPhase;
			buildActionMask = 2147483647;
			files = (
				C4A09A862B2F6AC700AEB442 /* MainViewModel.swift in Sources */,
				C4A09A7E2B2F0C0F00AEB442 /* ProductsView.swift in Sources */,
				C4A09A8C2B2F82FE00AEB442 /* ProductCardComponentView.swift in Sources */,
				C4A09A842B2F693600AEB442 /* ProductsModel.swift in Sources */,
				C4A09A802B2F0C1E00AEB442 /* ProductDetailView.swift in Sources */,
				C4E42AAD2B315532008D3B46 /* LoaderComponentView.swift in Sources */,
				C4ABA7372B30BFEC00BF9711 /* CategoriesModel.swift in Sources */,
				C4A09A762B2F0A7200AEB442 /* MainView.swift in Sources */,
				C4A09A662B2F08D400AEB442 /* StoreAppApp.swift in Sources */,
				C4ABA7392B30C43000BF9711 /* CategoryCardComponentView.swift in Sources */,
				C4A09A7C2B2F0BF800AEB442 /* CategoriesView.swift in Sources */,
				C4E42AB12B315691008D3B46 /* TopBarComponentView.swift in Sources */,
				C4E42AAF2B3155A1008D3B46 /* AlertCheckoutComponentView.swift in Sources */,
			);
			runOnlyForDeploymentPostprocessing = 0;
		};
/* End PBXSourcesBuildPhase section */

/* Begin XCBuildConfiguration section */
		C4A09A6E2B2F08D500AEB442 /* Debug */ = {
			isa = XCBuildConfiguration;
			buildSettings = {
				ALWAYS_SEARCH_USER_PATHS = NO;
				ASSETCATALOG_COMPILER_GENERATE_SWIFT_ASSET_SYMBOL_EXTENSIONS = YES;
				CLANG_ANALYZER_NONNULL = YES;
				CLANG_ANALYZER_NUMBER_OBJECT_CONVERSION = YES_AGGRESSIVE;
				CLANG_CXX_LANGUAGE_STANDARD = "gnu++20";
				CLANG_ENABLE_MODULES = YES;
				CLANG_ENABLE_OBJC_ARC = YES;
				CLANG_ENABLE_OBJC_WEAK = YES;
				CLANG_WARN_BLOCK_CAPTURE_AUTORELEASING = YES;
				CLANG_WARN_BOOL_CONVERSION = YES;
				CLANG_WARN_COMMA = YES;
				CLANG_WARN_CONSTANT_CONVERSION = YES;
				CLANG_WARN_DEPRECATED_OBJC_IMPLEMENTATIONS = YES;
				CLANG_WARN_DIRECT_OBJC_ISA_USAGE = YES_ERROR;
				CLANG_WARN_DOCUMENTATION_COMMENTS = YES;
				CLANG_WARN_EMPTY_BODY = YES;
				CLANG_WARN_ENUM_CONVERSION = YES;
				CLANG_WARN_INFINITE_RECURSION = YES;
				CLANG_WARN_INT_CONVERSION = YES;
				CLANG_WARN_NON_LITERAL_NULL_CONVERSION = YES;
				CLANG_WARN_OBJC_IMPLICIT_RETAIN_SELF = YES;
				CLANG_WARN_OBJC_LITERAL_CONVERSION = YES;
				CLANG_WARN_OBJC_ROOT_CLASS = YES_ERROR;
				CLANG_WARN_QUOTED_INCLUDE_IN_FRAMEWORK_HEADER = YES;
				CLANG_WARN_RANGE_LOOP_ANALYSIS = YES;
				CLANG_WARN_STRICT_PROTOTYPES = YES;
				CLANG_WARN_SUSPICIOUS_MOVE = YES;
				CLANG_WARN_UNGUARDED_AVAILABILITY = YES_AGGRESSIVE;
				CLANG_WARN_UNREACHABLE_CODE = YES;
				CLANG_WARN__DUPLICATE_METHOD_MATCH = YES;
				COPY_PHASE_STRIP = NO;
				DEBUG_INFORMATION_FORMAT = dwarf;
				ENABLE_STRICT_OBJC_MSGSEND = YES;
				ENABLE_TESTABILITY = YES;
				ENABLE_USER_SCRIPT_SANDBOXING = YES;
				GCC_C_LANGUAGE_STANDARD = gnu17;
				GCC_DYNAMIC_NO_PIC = NO;
				GCC_NO_COMMON_BLOCKS = YES;
				GCC_OPTIMIZATION_LEVEL = 0;
				GCC_PREPROCESSOR_DEFINITIONS = (
					"DEBUG=1",
					"$(inherited)",
				);
				GCC_WARN_64_TO_32_BIT_CONVERSION = YES;
				GCC_WARN_ABOUT_RETURN_TYPE = YES_ERROR;
				GCC_WARN_UNDECLARED_SELECTOR = YES;
				GCC_WARN_UNINITIALIZED_AUTOS = YES_AGGRESSIVE;
				GCC_WARN_UNUSED_FUNCTION = YES;
				GCC_WARN_UNUSED_VARIABLE = YES;
				IPHONEOS_DEPLOYMENT_TARGET = 17.0;
				LOCALIZATION_PREFERS_STRING_CATALOGS = YES;
				MTL_ENABLE_DEBUG_INFO = INCLUDE_SOURCE;
				MTL_FAST_MATH = YES;
				ONLY_ACTIVE_ARCH = YES;
				SDKROOT = iphoneos;
				SWIFT_ACTIVE_COMPILATION_CONDITIONS = "DEBUG $(inherited)";
				SWIFT_OPTIMIZATION_LEVEL = "-Onone";
			};
			name = Debug;
		};
		C4A09A6F2B2F08D500AEB442 /* Release */ = {
			isa = XCBuildConfiguration;
			buildSettings = {
				ALWAYS_SEARCH_USER_PATHS = NO;
				ASSETCATALOG_COMPILER_GENERATE_SWIFT_ASSET_SYMBOL_EXTENSIONS = YES;
				CLANG_ANALYZER_NONNULL = YES;
				CLANG_ANALYZER_NUMBER_OBJECT_CONVERSION = YES_AGGRESSIVE;
				CLANG_CXX_LANGUAGE_STANDARD = "gnu++20";
				CLANG_ENABLE_MODULES = YES;
				CLANG_ENABLE_OBJC_ARC = YES;
				CLANG_ENABLE_OBJC_WEAK = YES;
				CLANG_WARN_BLOCK_CAPTURE_AUTORELEASING = YES;
				CLANG_WARN_BOOL_CONVERSION = YES;
				CLANG_WARN_COMMA = YES;
				CLANG_WARN_CONSTANT_CONVERSION = YES;
				CLANG_WARN_DEPRECATED_OBJC_IMPLEMENTATIONS = YES;
				CLANG_WARN_DIRECT_OBJC_ISA_USAGE = YES_ERROR;
				CLANG_WARN_DOCUMENTATION_COMMENTS = YES;
				CLANG_WARN_EMPTY_BODY = YES;
				CLANG_WARN_ENUM_CONVERSION = YES;
				CLANG_WARN_INFINITE_RECURSION = YES;
				CLANG_WARN_INT_CONVERSION = YES;
				CLANG_WARN_NON_LITERAL_NULL_CONVERSION = YES;
				CLANG_WARN_OBJC_IMPLICIT_RETAIN_SELF = YES;
				CLANG_WARN_OBJC_LITERAL_CONVERSION = YES;
				CLANG_WARN_OBJC_ROOT_CLASS = YES_ERROR;
				CLANG_WARN_QUOTED_INCLUDE_IN_FRAMEWORK_HEADER = YES;
				CLANG_WARN_RANGE_LOOP_ANALYSIS = YES;
				CLANG_WARN_STRICT_PROTOTYPES = YES;
				CLANG_WARN_SUSPICIOUS_MOVE = YES;
				CLANG_WARN_UNGUARDED_AVAILABILITY = YES_AGGRESSIVE;
				CLANG_WARN_UNREACHABLE_CODE = YES;
				CLANG_WARN__DUPLICATE_METHOD_MATCH = YES;
				COPY_PHASE_STRIP = NO;
				DEBUG_INFORMATION_FORMAT = "dwarf-with-dsym";
				ENABLE_NS_ASSERTIONS = NO;
				ENABLE_STRICT_OBJC_MSGSEND = YES;
				ENABLE_USER_SCRIPT_SANDBOXING = YES;
				GCC_C_LANGUAGE_STANDARD = gnu17;
				GCC_NO_COMMON_BLOCKS = YES;
				GCC_WARN_64_TO_32_BIT_CONVERSION = YES;
				GCC_WARN_ABOUT_RETURN_TYPE = YES_ERROR;
				GCC_WARN_UNDECLARED_SELECTOR = YES;
				GCC_WARN_UNINITIALIZED_AUTOS = YES_AGGRESSIVE;
				GCC_WARN_UNUSED_FUNCTION = YES;
				GCC_WARN_UNUSED_VARIABLE = YES;
				IPHONEOS_DEPLOYMENT_TARGET = 17.0;
				LOCALIZATION_PREFERS_STRING_CATALOGS = YES;
				MTL_ENABLE_DEBUG_INFO = NO;
				MTL_FAST_MATH = YES;
				SDKROOT = iphoneos;
				SWIFT_COMPILATION_MODE = wholemodule;
				VALIDATE_PRODUCT = YES;
			};
			name = Release;
		};
		C4A09A712B2F08D500AEB442 /* Debug */ = {
			isa = XCBuildConfiguration;
			buildSettings = {
				ASSETCATALOG_COMPILER_APPICON_NAME = AppIcon;
				ASSETCATALOG_COMPILER_GLOBAL_ACCENT_COLOR_NAME = AccentColor;
				CODE_SIGN_STYLE = Automatic;
				CURRENT_PROJECT_VERSION = 1;
				DEVELOPMENT_ASSET_PATHS = "\"StoreApp/Preview Content\"";
				DEVELOPMENT_TEAM = X825NANUF8;
				ENABLE_PREVIEWS = YES;
				GENERATE_INFOPLIST_FILE = YES;
				INFOPLIST_KEY_UIApplicationSceneManifest_Generation = YES;
				INFOPLIST_KEY_UIApplicationSupportsIndirectInputEvents = YES;
				INFOPLIST_KEY_UILaunchScreen_Generation = YES;
				INFOPLIST_KEY_UISupportedInterfaceOrientations_iPad = "UIInterfaceOrientationPortrait UIInterfaceOrientationPortraitUpsideDown UIInterfaceOrientationLandscapeLeft UIInterfaceOrientationLandscapeRight";
				INFOPLIST_KEY_UISupportedInterfaceOrientations_iPhone = "UIInterfaceOrientationPortrait UIInterfaceOrientationLandscapeLeft UIInterfaceOrientationLandscapeRight";
				LD_RUNPATH_SEARCH_PATHS = (
					"$(inherited)",
					"@executable_path/Frameworks",
				);
				MARKETING_VERSION = 1.0;
				PRODUCT_BUNDLE_IDENTIFIER = test.StoreApp;
				PRODUCT_NAME = "$(TARGET_NAME)";
				SWIFT_EMIT_LOC_STRINGS = YES;
				SWIFT_VERSION = 5.0;
				TARGETED_DEVICE_FAMILY = "1,2";
			};
			name = Debug;
		};
		C4A09A722B2F08D500AEB442 /* Release */ = {
			isa = XCBuildConfiguration;
			buildSettings = {
				ASSETCATALOG_COMPILER_APPICON_NAME = AppIcon;
				ASSETCATALOG_COMPILER_GLOBAL_ACCENT_COLOR_NAME = AccentColor;
				CODE_SIGN_STYLE = Automatic;
				CURRENT_PROJECT_VERSION = 1;
				DEVELOPMENT_ASSET_PATHS = "\"StoreApp/Preview Content\"";
				DEVELOPMENT_TEAM = X825NANUF8;
				ENABLE_PREVIEWS = YES;
				GENERATE_INFOPLIST_FILE = YES;
				INFOPLIST_KEY_UIApplicationSceneManifest_Generation = YES;
				INFOPLIST_KEY_UIApplicationSupportsIndirectInputEvents = YES;
				INFOPLIST_KEY_UILaunchScreen_Generation = YES;
				INFOPLIST_KEY_UISupportedInterfaceOrientations_iPad = "UIInterfaceOrientationPortrait UIInterfaceOrientationPortraitUpsideDown UIInterfaceOrientationLandscapeLeft UIInterfaceOrientationLandscapeRight";
				INFOPLIST_KEY_UISupportedInterfaceOrientations_iPhone = "UIInterfaceOrientationPortrait UIInterfaceOrientationLandscapeLeft UIInterfaceOrientationLandscapeRight";
				LD_RUNPATH_SEARCH_PATHS = (
					"$(inherited)",
					"@executable_path/Frameworks",
				);
				MARKETING_VERSION = 1.0;
				PRODUCT_BUNDLE_IDENTIFIER = test.StoreApp;
				PRODUCT_NAME = "$(TARGET_NAME)";
				SWIFT_EMIT_LOC_STRINGS = YES;
				SWIFT_VERSION = 5.0;
				TARGETED_DEVICE_FAMILY = "1,2";
			};
			name = Release;
		};
/* End XCBuildConfiguration section */

/* Begin XCConfigurationList section */
		C4A09A5D2B2F08D400AEB442 /* Build configuration list for PBXProject "StoreApp" */ = {
			isa = XCConfigurationList;
			buildConfigurations = (
				C4A09A6E2B2F08D500AEB442 /* Debug */,
				C4A09A6F2B2F08D500AEB442 /* Release */,
			);
			defaultConfigurationIsVisible = 0;
			defaultConfigurationName = Release;
		};
		C4A09A702B2F08D500AEB442 /* Build configuration list for PBXNativeTarget "StoreApp" */ = {
			isa = XCConfigurationList;
			buildConfigurations = (
				C4A09A712B2F08D500AEB442 /* Debug */,
				C4A09A722B2F08D500AEB442 /* Release */,
			);
			defaultConfigurationIsVisible = 0;
			defaultConfigurationName = Release;
		};
/* End XCConfigurationList section */

/* Begin XCRemoteSwiftPackageReference section */
		C4A09A872B2F6BD300AEB442 /* XCRemoteSwiftPackageReference "networking-package-generic" */ = {
			isa = XCRemoteSwiftPackageReference;
			repositoryURL = "https://github.com/levanl/networking-package-generic.git";
			requirement = {
				branch = main;
				kind = branch;
			};
		};
/* End XCRemoteSwiftPackageReference section */

/* Begin XCSwiftPackageProductDependency section */
		C4A09A882B2F6BD300AEB442 /* NetworkingPackageGeneric */ = {
			isa = XCSwiftPackageProductDependency;
			package = C4A09A872B2F6BD300AEB442 /* XCRemoteSwiftPackageReference "networking-package-generic" */;
			productName = NetworkingPackageGeneric;
		};
/* End XCSwiftPackageProductDependency section */
	};
	rootObject = C4A09A5A2B2F08D400AEB442 /* Project object */;
}
